{
    "_readme": [
        "This file locks the dependencies of your project to a known state",
        "Read more about it at https://getcomposer.org/doc/01-basic-usage.md#composer-lock-the-lock-file",
        "This file is @generated automatically"
    ],
    "hash": "ea99e1c0aaa29ce284499f737163c570",
    "packages": [
        {
            "name": "components/jquery",
            "version": "3.2.1",
            "source": {
                "type": "git",
                "url": "https://github.com/components/jquery.git",
                "reference": "e5534d4ab8e80c159553d507e358ed20a806d3bf"
            },
            "dist": {
                "type": "zip",
                "url": "https://api.github.com/repos/components/jquery/zipball/e5534d4ab8e80c159553d507e358ed20a806d3bf",
                "reference": "e5534d4ab8e80c159553d507e358ed20a806d3bf",
                "shasum": ""
            },
            "type": "component",
            "extra": {
                "component": {
                    "scripts": [
                        "jquery.js"
                    ],
                    "files": [
                        "jquery.min.js",
                        "jquery.min.map",
                        "jquery.slim.js",
                        "jquery.slim.min.js",
                        "jquery.slim.min.map"
                    ]
                }
            },
            "notification-url": "https://packagist.org/downloads/",
            "license": [
                "MIT"
            ],
            "authors": [
                {
                    "name": "JS Foundation and other contributors"
                }
            ],
            "description": "jQuery JavaScript Library",
            "homepage": "http://jquery.com",
            "time": "2017-03-21 07:01:49"
        },
        {
            "name": "jinnguyen/divbox",
            "version": "v1.3.0",
            "source": {
                "type": "git",
                "url": "https://github.com/jinnguyen/divbox.git",
                "reference": "5aaf884665135d40258e3513bfff63b57cb953e8"
            },
            "dist": {
                "type": "zip",
                "url": "https://api.github.com/repos/jinnguyen/divbox/zipball/5aaf884665135d40258e3513bfff63b57cb953e8",
                "reference": "5aaf884665135d40258e3513bfff63b57cb953e8",
                "shasum": ""
            },
            "type": "library",
            "notification-url": "https://packagist.org/downloads/",
            "license": [
                "GPL License"
            ],
            "authors": [
                {
                    "name": "Jin Nguyen",
                    "email": "w2ajax@gmail.com"
                }
            ],
            "description": "DivBox is simple, easy style format, no need extra markup and is used to overlay images on the current page through the power and flexibility of jQuery selector",
            "homepage": "http://jquery.phpbasic.com/divbox",
            "time": "2016-10-25 02:16:18"
        },
        {
            "name": "jinnguyen/easyui",
            "version": "v1.5.0",
            "source": {
                "type": "git",
                "url": "https://github.com/jinnguyen/easyui.git",
                "reference": "5137992d9720f0242d388cd4a7f40d2771acf9ce"
            },
            "dist": {
                "type": "zip",
                "url": "https://api.github.com/repos/jinnguyen/easyui/zipball/5137992d9720f0242d388cd4a7f40d2771acf9ce",
                "reference": "5137992d9720f0242d388cd4a7f40d2771acf9ce",
                "shasum": ""
            },
            "type": "library",
            "notification-url": "https://packagist.org/downloads/",
            "license": [
                "GPL License"
            ],
            "authors": [
                {
                    "name": "Stworthy",
                    "email": "stworthy@gmail.com"
                }
            ],
            "description": "jQuery EasyUI framework helps you build your web pages easily. Homepage: http://easyui.com",
            "homepage": "http://easyui.com",
            "time": "2016-10-26 00:44:46"
        },
        {
            "name": "pujacms/ajaxupload",
            "version": "dev-master",
            "source": {
                "type": "git",
                "url": "https://github.com/pujacms/ajaxupload.git",
                "reference": "218c3e39e6b10f9e178985b337235ea8dbe40ff8"
            },
            "dist": {
                "type": "zip",
                "url": "https://api.github.com/repos/pujacms/ajaxupload/zipball/218c3e39e6b10f9e178985b337235ea8dbe40ff8",
                "reference": "218c3e39e6b10f9e178985b337235ea8dbe40ff8",
                "shasum": ""
            },
            "require": {
                "components/jquery": ">=2.1"
            },
            "type": "library",
            "notification-url": "https://packagist.org/downloads/",
            "license": [
                "Apache License 2.0"
            ],
            "authors": [
                {
                    "name": "Jin Nguyen",
                    "email": "w2ajax@gmail.com"
                }
            ],
            "description": "Ajaxupload is libarry  to handle upload file via AJAX",
            "keywords": [
                "Ajaxupload",
                "jquery ajaxupload"
            ],
            "time": "2017-11-15 04:53:25"
        },
        {
            "name": "pujacms/mmt",
            "version": "dev-master",
            "source": {
                "type": "git",
                "url": "https://github.com/pujacms/mmt.git",
                "reference": "e393be14851469b8b9b486b49600f526252312ac"
            },
            "dist": {
                "type": "zip",
                "url": "https://api.github.com/repos/pujacms/mmt/zipball/e393be14851469b8b9b486b49600f526252312ac",
                "reference": "e393be14851469b8b9b486b49600f526252312ac",
                "shasum": ""
            },
            "require": {
                "components/jquery": ">=2.1",
                "jinnguyen/easyui": "1.5.0"
            },
            "type": "library",
            "notification-url": "https://packagist.org/downloads/",
            "license": [
                "Apache License 2.0"
            ],
            "authors": [
                {
                    "name": "Jin Nguyen",
                    "email": "w2ajax@gmail.com"
                }
            ],
            "description": "MMT is Media Manage Tool, help to manage media from your application, base on EasyUI.",
            "keywords": [
                "MMT",
                "Media Manage Tool"
            ],
            "time": "2017-05-25 14:16:03"
        },
        {
            "name": "tinymce/tinymce",
            "version": "4.7.3",
            "source": {
                "type": "git",
                "url": "https://github.com/tinymce/tinymce-dist.git",
                "reference": "a2392f870b4c85bd536e5cc77f640e035ce657af"
            },
            "dist": {
                "type": "zip",
                "url": "https://api.github.com/repos/tinymce/tinymce-dist/zipball/a2392f870b4c85bd536e5cc77f640e035ce657af",
                "reference": "a2392f870b4c85bd536e5cc77f640e035ce657af",
                "shasum": ""
            },
            "type": "component",
            "extra": {
                "component": {
                    "scripts": [
                        "tinymce.js",
                        "plugins/*/plugin.js",
                        "themes/*/theme.js"
                    ],
                    "files": [
                        "tinymce.min.js",
                        "plugins/*/plugin.min.js",
                        "themes/*/theme.min.js",
                        "skins/**"
                    ]
                }
            },
            "notification-url": "https://packagist.org/downloads/",
            "license": [
                "LGPL-2.1"
            ],
            "description": "Web based JavaScript HTML WYSIWYG editor control.",
            "homepage": "http://www.tinymce.com",
            "keywords": [
                "editor",
                "html",
                "javascript",
                "richtext",
                "tinymce",
                "wysiwyg"
            ],
            "time": "2017-11-23 15:30:30"
        }
    ],
    "packages-dev": [],
    "aliases": [],
    "minimum-stability": "stable",
    "stability-flags": {
        "pujacms/mmt": 20,
        "pujacms/ajaxupload": 20
    },
    "prefer-stable": false,
    "prefer-lowest": false,
    "platform": [],
    "platform-dev": []
}
